  - kind: ethereum/contract
    name: {id}
    network: {chain}
    source:
      address: "{address}"
      abi: Timelock
      startBlock: {startBlock}
    mapping:
      kind: ethereum/events
      apiVersion: 0.0.5
      language: wasm/assemblyscript
      entities:
        - Timelock
      abis:
        - name: Timelock
          file: {root}/node_modules/@openzeppelin/contracts/build/contracts/TimelockController.json
      eventHandlers:
        - event: CallScheduled(indexed bytes32,indexed uint256,address,uint256,bytes,bytes32,uint256)
          handler: handleCallScheduled
        - event: CallExecuted(indexed bytes32,indexed uint256,address,uint256,bytes)
          handler: handleCallExecuted
        - event: Cancelled(indexed bytes32)
          handler: handleCancelled
        - event: MinDelayChange(uint256,uint256)
          handler: handleMinDelayChange
      file: {file}
